
Microsoft Visual Studio Solution File, Format Version 12.00
# Visual Studio Version 17
VisualStudioVersion = 17.5.33530.505
MinimumVisualStudioVersion = 10.0.40219.1
Project("{9A19103F-16F7-4668-BE54-9A1E7A4F7556}") = "Project.ENTITIES", "Project.ENTITIES\Project.ENTITIES.csproj", "{128B380F-E12F-4DED-A7E9-666B0F7510EB}"
EndProject
Project("{9A19103F-16F7-4668-BE54-9A1E7A4F7556}") = "Project.MAP", "Project.MAP\Project.MAP.csproj", "{7D8FF027-E7E6-465D-BCC1-382C1AA88A90}"
EndProject
Project("{FAE04EC0-301F-11D3-BF4B-00C04F79EFBC}") = "Project.DAL", "Project.DAL\Project.DAL.csproj", "{087BDFFA-3F64-4A63-A64B-35C521309047}"
EndProject
Global
	GlobalSection(SolutionConfigurationPlatforms) = preSolution
		Debug|Any CPU = Debug|Any CPU
		Release|Any CPU = Release|Any CPU
	EndGlobalSection
	GlobalSection(ProjectConfigurationPlatforms) = postSolution
		{128B380F-E12F-4DED-A7E9-666B0F7510EB}.Debug|Any CPU.ActiveCfg = Debug|Any CPU
		{128B380F-E12F-4DED-A7E9-666B0F7510EB}.Debug|Any CPU.Build.0 = Debug|Any CPU
		{128B380F-E12F-4DED-A7E9-666B0F7510EB}.Release|Any CPU.ActiveCfg = Release|Any CPU
		{128B380F-E12F-4DED-A7E9-666B0F7510EB}.Release|Any CPU.Build.0 = Release|Any CPU
		{7D8FF027-E7E6-465D-BCC1-382C1AA88A90}.Debug|Any CPU.ActiveCfg = Debug|Any CPU
		{7D8FF027-E7E6-465D-BCC1-382C1AA88A90}.Debug|Any CPU.Build.0 = Debug|Any CPU
		{7D8FF027-E7E6-465D-BCC1-382C1AA88A90}.Release|Any CPU.ActiveCfg = Release|Any CPU
		{7D8FF027-E7E6-465D-BCC1-382C1AA88A90}.Release|Any CPU.Build.0 = Release|Any CPU
		{087BDFFA-3F64-4A63-A64B-35C521309047}.Debug|Any CPU.ActiveCfg = Debug|Any CPU
		{087BDFFA-3F64-4A63-A64B-35C521309047}.Debug|Any CPU.Build.0 = Debug|Any CPU
		{087BDFFA-3F64-4A63-A64B-35C521309047}.Release|Any CPU.ActiveCfg = Release|Any CPU
		{087BDFFA-3F64-4A63-A64B-35C521309047}.Release|Any CPU.Build.0 = Release|Any CPU
	EndGlobalSection
	GlobalSection(SolutionProperties) = preSolution
		HideSolutionNode = FALSE
	EndGlobalSection
	GlobalSection(ExtensibilityGlobals) = postSolution
		SolutionGuid = {BF9534FB-CF03-4330-B561-DA1E4A11C567}
	EndGlobalSection
EndGlobal
